
Microsoft Visual Studio Solution File, Format Version 12.00
# Visual Studio Version 17
VisualStudioVersion = 17.12.35527.113
MinimumVisualStudioVersion = 10.0.40219.1
Project("{FAE04EC0-301F-11D3-BF4B-00C04F79EFBC}") = "ContactList", "ContactList\ContactList.csproj", "{A40DB1BC-13F8-4A96-91E4-8EC5EDE08333}"
EndProject
Global
	GlobalSection(SolutionConfigurationPlatforms) = preSolution
		Debug|Any CPU = Debug|Any CPU
		Release|Any CPU = Release|Any CPU
	EndGlobalSection
	GlobalSection(ProjectConfigurationPlatforms) = postSolution
		{A40DB1BC-13F8-4A96-91E4-8EC5EDE08333}.Debug|Any CPU.ActiveCfg = Debug|Any CPU
		{A40DB1BC-13F8-4A96-91E4-8EC5EDE08333}.Debug|Any CPU.Build.0 = Debug|Any CPU
		{A40DB1BC-13F8-4A96-91E4-8EC5EDE08333}.Release|Any CPU.ActiveCfg = Release|Any CPU
		{A40DB1BC-13F8-4A96-91E4-8EC5EDE08333}.Release|Any CPU.Build.0 = Release|Any CPU
	EndGlobalSection
	GlobalSection(SolutionProperties) = preSolution
		HideSolutionNode = FALSE
	EndGlobalSection
	GlobalSection(ExtensibilityGlobals) = postSolution
		SolutionGuid = {90A4B277-3207-4A59-A500-63220FC4AC20}
	EndGlobalSection
EndGlobal
